
Microsoft Visual Studio Solution File, Format Version 12.00
# Visual Studio Version 17
VisualStudioVersion = 17.8.34330.188
MinimumVisualStudioVersion = 10.0.40219.1
Project("{FAE04EC0-301F-11D3-BF4B-00C04F79EFBC}") = "ComercialSys", "ComercialSys\ComercialSys.csproj", "{A4A7256B-5754-485D-AE8E-29815195788A}"
EndProject
Project("{FAE04EC0-301F-11D3-BF4B-00C04F79EFBC}") = "ComClassSys", "ComClassSys\ComClassSys.csproj", "{BA3A774E-6868-4E7F-9D31-32DB33C46BAF}"
EndProject
Global
	GlobalSection(SolutionConfigurationPlatforms) = preSolution
		Debug|Any CPU = Debug|Any CPU
		Release|Any CPU = Release|Any CPU
	EndGlobalSection
	GlobalSection(ProjectConfigurationPlatforms) = postSolution
		{A4A7256B-5754-485D-AE8E-29815195788A}.Debug|Any CPU.ActiveCfg = Debug|Any CPU
		{A4A7256B-5754-485D-AE8E-29815195788A}.Debug|Any CPU.Build.0 = Debug|Any CPU
		{A4A7256B-5754-485D-AE8E-29815195788A}.Release|Any CPU.ActiveCfg = Release|Any CPU
		{A4A7256B-5754-485D-AE8E-29815195788A}.Release|Any CPU.Build.0 = Release|Any CPU
		{BA3A774E-6868-4E7F-9D31-32DB33C46BAF}.Debug|Any CPU.ActiveCfg = Debug|Any CPU
		{BA3A774E-6868-4E7F-9D31-32DB33C46BAF}.Debug|Any CPU.Build.0 = Debug|Any CPU
		{BA3A774E-6868-4E7F-9D31-32DB33C46BAF}.Release|Any CPU.ActiveCfg = Release|Any CPU
		{BA3A774E-6868-4E7F-9D31-32DB33C46BAF}.Release|Any CPU.Build.0 = Release|Any CPU
	EndGlobalSection
	GlobalSection(SolutionProperties) = preSolution
		HideSolutionNode = FALSE
	EndGlobalSection
	GlobalSection(ExtensibilityGlobals) = postSolution
		SolutionGuid = {DED0DC10-5793-49E0-9899-0B5CA8DA3BDD}
	EndGlobalSection
EndGlobal
